
Microsoft Visual Studio Solution File, Format Version 12.00
# Visual Studio Version 17
VisualStudioVersion = 17.8.34330.188
MinimumVisualStudioVersion = 10.0.40219.1
Project("{9A19103F-16F7-4668-BE54-9A1E7A4F7556}") = "ncea-enricher", "ncea-enricher\ncea-enricher.csproj", "{C3255C0B-DA26-456A-A528-1FA3F58B098E}"
EndProject
Project("{9A19103F-16F7-4668-BE54-9A1E7A4F7556}") = "ncea-enricher.tests", "ncea-enricher.tests\ncea-enricher.tests.csproj", "{F0205A79-ECE9-47CF-BCFF-85E9FD15A48E}"
EndProject
Global
	GlobalSection(SolutionConfigurationPlatforms) = preSolution
		Debug|Any CPU = Debug|Any CPU
		Release|Any CPU = Release|Any CPU
	EndGlobalSection
	GlobalSection(ProjectConfigurationPlatforms) = postSolution
		{C3255C0B-DA26-456A-A528-1FA3F58B098E}.Debug|Any CPU.ActiveCfg = Debug|Any CPU
		{C3255C0B-DA26-456A-A528-1FA3F58B098E}.Debug|Any CPU.Build.0 = Debug|Any CPU
		{C3255C0B-DA26-456A-A528-1FA3F58B098E}.Release|Any CPU.ActiveCfg = Release|Any CPU
		{C3255C0B-DA26-456A-A528-1FA3F58B098E}.Release|Any CPU.Build.0 = Release|Any CPU
		{F0205A79-ECE9-47CF-BCFF-85E9FD15A48E}.Debug|Any CPU.ActiveCfg = Debug|Any CPU
		{F0205A79-ECE9-47CF-BCFF-85E9FD15A48E}.Debug|Any CPU.Build.0 = Debug|Any CPU
		{F0205A79-ECE9-47CF-BCFF-85E9FD15A48E}.Release|Any CPU.ActiveCfg = Release|Any CPU
		{F0205A79-ECE9-47CF-BCFF-85E9FD15A48E}.Release|Any CPU.Build.0 = Release|Any CPU
	EndGlobalSection
	GlobalSection(SolutionProperties) = preSolution
		HideSolutionNode = FALSE
	EndGlobalSection
	GlobalSection(ExtensibilityGlobals) = postSolution
		SolutionGuid = {57963176-12B2-4BF4-A095-0C68CB980586}
	EndGlobalSection
EndGlobal
